// !$*UTF8*$!
{
	archiveVersion = 1;
	classes = {
	};
	objectVersion = 48;
	objects = {

/* Begin PBXBuildFile section */
		00D15018A6B8329A2E89C4CE /* Pods_Twitter.framework in Frameworks */ = {isa = PBXBuildFile; fileRef = 66D9336962D34B914B807172 /* Pods_Twitter.framework */; };
		202B8D282049881A00F80E19 /* Tweet.swift in Sources */ = {isa = PBXBuildFile; fileRef = 202B8D272049881A00F80E19 /* Tweet.swift */; };
		202CED94204847F400130305 /* HomeDatasourceController+navBar.swift in Sources */ = {isa = PBXBuildFile; fileRef = 202CED93204847F400130305 /* HomeDatasourceController+navBar.swift */; };
		2041723820437D16001972AB /* AppDelegate.swift in Sources */ = {isa = PBXBuildFile; fileRef = 2041723720437D16001972AB /* AppDelegate.swift */; };
		2041723F20437D16001972AB /* Assets.xcassets in Resources */ = {isa = PBXBuildFile; fileRef = 2041723E20437D16001972AB /* Assets.xcassets */; };
		2041724220437D16001972AB /* LaunchScreen.storyboard in Resources */ = {isa = PBXBuildFile; fileRef = 2041724020437D16001972AB /* LaunchScreen.storyboard */; };
		2041724A20437F83001972AB /* HomeController.swift in Sources */ = {isa = PBXBuildFile; fileRef = 2041724920437F83001972AB /* HomeController.swift */; };
		2070EC752044D5A200560524 /* HomeDatasourceController.swift in Sources */ = {isa = PBXBuildFile; fileRef = 2070EC742044D5A200560524 /* HomeDatasourceController.swift */; };
		2070EC7A2044DC2400560524 /* UserHeaderFooter.swift in Sources */ = {isa = PBXBuildFile; fileRef = 2070EC792044DC2400560524 /* UserHeaderFooter.swift */; };
		2070EC7C2044DC3B00560524 /* HomeDatasource.swift in Sources */ = {isa = PBXBuildFile; fileRef = 2070EC7B2044DC3B00560524 /* HomeDatasource.swift */; };
		20DC2E70205972FD001ECACE /* Service.swift in Sources */ = {isa = PBXBuildFile; fileRef = 20DC2E6F205972FD001ECACE /* Service.swift */; };
		8BC3EF6920490C5000E05420 /* TweetCell.swift in Sources */ = {isa = PBXBuildFile; fileRef = 8BC3EF6820490C5000E05420 /* TweetCell.swift */; };
		8BF6355B2047C02B00F2CAB2 /* User.swift in Sources */ = {isa = PBXBuildFile; fileRef = 8BF6355A2047C02B00F2CAB2 /* User.swift */; };
		8BF6355D2047CCD600F2CAB2 /* UserCell.swift in Sources */ = {isa = PBXBuildFile; fileRef = 8BF6355C2047CCD600F2CAB2 /* UserCell.swift */; };
/* End PBXBuildFile section */

/* Begin PBXFileReference section */
		202B8D272049881A00F80E19 /* Tweet.swift */ = {isa = PBXFileReference; lastKnownFileType = sourcecode.swift; path = Tweet.swift; sourceTree = "<group>"; };
		202CED93204847F400130305 /* HomeDatasourceController+navBar.swift */ = {isa = PBXFileReference; lastKnownFileType = sourcecode.swift; path = "HomeDatasourceController+navBar.swift"; sourceTree = "<group>"; };
		2041723420437D16001972AB /* Twitter.app */ = {isa = PBXFileReference; explicitFileType = wrapper.application; includeInIndex = 0; path = Twitter.app; sourceTree = BUILT_PRODUCTS_DIR; };
		2041723720437D16001972AB /* AppDelegate.swift */ = {isa = PBXFileReference; lastKnownFileType = sourcecode.swift; path = AppDelegate.swift; sourceTree = "<group>"; };
		2041723E20437D16001972AB /* Assets.xcassets */ = {isa = PBXFileReference; lastKnownFileType = folder.assetcatalog; path = Assets.xcassets; sourceTree = "<group>"; };
		2041724120437D16001972AB /* Base */ = {isa = PBXFileReference; lastKnownFileType = file.storyboard; name = Base; path = Base.lproj/LaunchScreen.storyboard; sourceTree = "<group>"; };
		2041724320437D16001972AB /* Info.plist */ = {isa = PBXFileReference; lastKnownFileType = text.plist.xml; path = Info.plist; sourceTree = "<group>"; };
		2041724920437F83001972AB /* HomeController.swift */ = {isa = PBXFileReference; lastKnownFileType = sourcecode.swift; path = HomeController.swift; sourceTree = "<group>"; };
		2070EC742044D5A200560524 /* HomeDatasourceController.swift */ = {isa = PBXFileReference; lastKnownFileType = sourcecode.swift; path = HomeDatasourceController.swift; sourceTree = "<group>"; };
		2070EC792044DC2400560524 /* UserHeaderFooter.swift */ = {isa = PBXFileReference; lastKnownFileType = sourcecode.swift; path = UserHeaderFooter.swift; sourceTree = "<group>"; };
		2070EC7B2044DC3B00560524 /* HomeDatasource.swift */ = {isa = PBXFileReference; lastKnownFileType = sourcecode.swift; path = HomeDatasource.swift; sourceTree = "<group>"; };
		20DC2E6F205972FD001ECACE /* Service.swift */ = {isa = PBXFileReference; lastKnownFileType = sourcecode.swift; path = Service.swift; sourceTree = "<group>"; };
		357E16199A40D908A1C8A831 /* Pods-Twitter.debug.xcconfig */ = {isa = PBXFileReference; includeInIndex = 1; lastKnownFileType = text.xcconfig; name = "Pods-Twitter.debug.xcconfig"; path = "Pods/Target Support Files/Pods-Twitter/Pods-Twitter.debug.xcconfig"; sourceTree = "<group>"; };
		66D9336962D34B914B807172 /* Pods_Twitter.framework */ = {isa = PBXFileReference; explicitFileType = wrapper.framework; includeInIndex = 0; path = Pods_Twitter.framework; sourceTree = BUILT_PRODUCTS_DIR; };
		8BC3EF6820490C5000E05420 /* TweetCell.swift */ = {isa = PBXFileReference; lastKnownFileType = sourcecode.swift; path = TweetCell.swift; sourceTree = "<group>"; };
		8BF6355A2047C02B00F2CAB2 /* User.swift */ = {isa = PBXFileReference; lastKnownFileType = sourcecode.swift; path = User.swift; sourceTree = "<group>"; };
		8BF6355C2047CCD600F2CAB2 /* UserCell.swift */ = {isa = PBXFileReference; lastKnownFileType = sourcecode.swift; path = UserCell.swift; sourceTree = "<group>"; };
		C1AC5D63C2DF9E211ABB53DF /* Pods-Twitter.release.xcconfig */ = {isa = PBXFileReference; includeInIndex = 1; lastKnownFileType = text.xcconfig; name = "Pods-Twitter.release.xcconfig"; path = "Pods/Target Support Files/Pods-Twitter/Pods-Twitter.release.xcconfig"; sourceTree = "<group>"; };
/* End PBXFileReference section */

/* Begin PBXFrameworksBuildPhase section */
		2041723120437D16001972AB /* Frameworks */ = {
			isa = PBXFrameworksBuildPhase;
			buildActionMask = 2147483647;
			files = (
				00D15018A6B8329A2E89C4CE /* Pods_Twitter.framework in Frameworks */,
			);
			runOnlyForDeploymentPostprocessing = 0;
		};
/* End PBXFrameworksBuildPhase section */

/* Begin PBXGroup section */
		2041722B20437D16001972AB = {
			isa = PBXGroup;
			children = (
				2041723620437D16001972AB /* Twitter */,
				2041723520437D16001972AB /* Products */,
				A67F5AA0C10DB6039DD25C1E /* Pods */,
				FCF9609AAAE3B77516589A3B /* Frameworks */,
			);
			sourceTree = "<group>";
		};
		2041723520437D16001972AB /* Products */ = {
			isa = PBXGroup;
			children = (
				2041723420437D16001972AB /* Twitter.app */,
			);
			name = Products;
			sourceTree = "<group>";
		};
		2041723620437D16001972AB /* Twitter */ = {
			isa = PBXGroup;
			children = (
				20DC2E6E205972ED001ECACE /* Service */,
				2070EC782044DC0600560524 /* Controller */,
				2070EC772044DBFE00560524 /* Model */,
				2070EC762044DBF800560524 /* View */,
				2041723720437D16001972AB /* AppDelegate.swift */,
				2041724920437F83001972AB /* HomeController.swift */,
				2041723E20437D16001972AB /* Assets.xcassets */,
				2041724020437D16001972AB /* LaunchScreen.storyboard */,
				2041724320437D16001972AB /* Info.plist */,
			);
			path = Twitter;
			sourceTree = "<group>";
		};
		2070EC762044DBF800560524 /* View */ = {
			isa = PBXGroup;
			children = (
				2070EC792044DC2400560524 /* UserHeaderFooter.swift */,
				8BF6355C2047CCD600F2CAB2 /* UserCell.swift */,
				8BC3EF6820490C5000E05420 /* TweetCell.swift */,
			);
			path = View;
			sourceTree = "<group>";
		};
		2070EC772044DBFE00560524 /* Model */ = {
			isa = PBXGroup;
			children = (
				2070EC7B2044DC3B00560524 /* HomeDatasource.swift */,
				8BF6355A2047C02B00F2CAB2 /* User.swift */,
				202B8D272049881A00F80E19 /* Tweet.swift */,
			);
			path = Model;
			sourceTree = "<group>";
		};
		2070EC782044DC0600560524 /* Controller */ = {
			isa = PBXGroup;
			children = (
				2070EC742044D5A200560524 /* HomeDatasourceController.swift */,
				202CED93204847F400130305 /* HomeDatasourceController+navBar.swift */,
			);
			path = Controller;
			sourceTree = "<group>";
		};
		20DC2E6E205972ED001ECACE /* Service */ = {
			isa = PBXGroup;
			children = (
				20DC2E6F205972FD001ECACE /* Service.swift */,
			);
			path = Service;
			sourceTree = "<group>";
		};
		A67F5AA0C10DB6039DD25C1E /* Pods */ = {
			isa = PBXGroup;
			children = (
				357E16199A40D908A1C8A831 /* Pods-Twitter.debug.xcconfig */,
				C1AC5D63C2DF9E211ABB53DF /* Pods-Twitter.release.xcconfig */,
			);
			name = Pods;
			sourceTree = "<group>";
		};
		FCF9609AAAE3B77516589A3B /* Frameworks */ = {
			isa = PBXGroup;
			children = (
				66D9336962D34B914B807172 /* Pods_Twitter.framework */,
			);
			name = Frameworks;
			sourceTree = "<group>";
		};
/* End PBXGroup section */

/* Begin PBXNativeTarget section */
		2041723320437D16001972AB /* Twitter */ = {
			isa = PBXNativeTarget;
			buildConfigurationList = 2041724620437D16001972AB /* Build configuration list for PBXNativeTarget "Twitter" */;
			buildPhases = (
				4B0C88A03DE6F05F0E4ED01B /* [CP] Check Pods Manifest.lock */,
				2041723020437D16001972AB /* Sources */,
				2041723120437D16001972AB /* Frameworks */,
				2041723220437D16001972AB /* Resources */,
				81D11773A7ED1337F27BF838 /* [CP] Embed Pods Frameworks */,
				EF1808463A0554CC79152677 /* [CP] Copy Pods Resources */,
			);
			buildRules = (
			);
			dependencies = (
			);
			name = Twitter;
			productName = Twitter;
			productReference = 2041723420437D16001972AB /* Twitter.app */;
			productType = "com.apple.product-type.application";
		};
/* End PBXNativeTarget section */

/* Begin PBXProject section */
		2041722C20437D16001972AB /* Project object */ = {
			isa = PBXProject;
			attributes = {
				LastSwiftUpdateCheck = 0920;
				LastUpgradeCheck = 0920;
				ORGANIZATIONNAME = emksh;
				TargetAttributes = {
					2041723320437D16001972AB = {
						CreatedOnToolsVersion = 9.2;
						ProvisioningStyle = Automatic;
					};
				};
			};
			buildConfigurationList = 2041722F20437D16001972AB /* Build configuration list for PBXProject "Twitter" */;
			compatibilityVersion = "Xcode 8.0";
			developmentRegion = en;
			hasScannedForEncodings = 0;
			knownRegions = (
				en,
				Base,
			);
			mainGroup = 2041722B20437D16001972AB;
			productRefGroup = 2041723520437D16001972AB /* Products */;
			projectDirPath = "";
			projectRoot = "";
			targets = (
				2041723320437D16001972AB /* Twitter */,
			);
		};
/* End PBXProject section */

/* Begin PBXResourcesBuildPhase section */
		2041723220437D16001972AB /* Resources */ = {
			isa = PBXResourcesBuildPhase;
			buildActionMask = 2147483647;
			files = (
				2041724220437D16001972AB /* LaunchScreen.storyboard in Resources */,
				2041723F20437D16001972AB /* Assets.xcassets in Resources */,
			);
			runOnlyForDeploymentPostprocessing = 0;
		};
/* End PBXResourcesBuildPhase section */

/* Begin PBXShellScriptBuildPhase section */
		4B0C88A03DE6F05F0E4ED01B /* [CP] Check Pods Manifest.lock */ = {
			isa = PBXShellScriptBuildPhase;
			buildActionMask = 2147483647;
			files = (
			);
			inputPaths = (
				"${PODS_PODFILE_DIR_PATH}/Podfile.lock",
				"${PODS_ROOT}/Manifest.lock",
			);
			name = "[CP] Check Pods Manifest.lock";
			outputPaths = (
				"$(DERIVED_FILE_DIR)/Pods-Twitter-checkManifestLockResult.txt",
			);
			runOnlyForDeploymentPostprocessing = 0;
			shellPath = /bin/sh;
			shellScript = "diff \"${PODS_PODFILE_DIR_PATH}/Podfile.lock\" \"${PODS_ROOT}/Manifest.lock\" > /dev/null\nif [ $? != 0 ] ; then\n    # print error to STDERR\n    echo \"error: The sandbox is not in sync with the Podfile.lock. Run 'pod install' or update your CocoaPods installation.\" >&2\n    exit 1\nfi\n# This output is used by Xcode 'outputs' to avoid re-running this script phase.\necho \"SUCCESS\" > \"${SCRIPT_OUTPUT_FILE_0}\"\n";
			showEnvVarsInLog = 0;
		};
		81D11773A7ED1337F27BF838 /* [CP] Embed Pods Frameworks */ = {
			isa = PBXShellScriptBuildPhase;
			buildActionMask = 2147483647;
			files = (
			);
			inputPaths = (
				"${SRCROOT}/Pods/Target Support Files/Pods-Twitter/Pods-Twitter-frameworks.sh",
				"${BUILT_PRODUCTS_DIR}/Alamofire/Alamofire.framework",
				"${BUILT_PRODUCTS_DIR}/LBTAComponents/LBTAComponents.framework",
				"${BUILT_PRODUCTS_DIR}/SwiftyJSON/SwiftyJSON.framework",
				"${BUILT_PRODUCTS_DIR}/TRON/TRON.framework",
			);
			name = "[CP] Embed Pods Frameworks";
			outputPaths = (
				"${TARGET_BUILD_DIR}/${FRAMEWORKS_FOLDER_PATH}/Alamofire.framework",
				"${TARGET_BUILD_DIR}/${FRAMEWORKS_FOLDER_PATH}/LBTAComponents.framework",
				"${TARGET_BUILD_DIR}/${FRAMEWORKS_FOLDER_PATH}/SwiftyJSON.framework",
				"${TARGET_BUILD_DIR}/${FRAMEWORKS_FOLDER_PATH}/TRON.framework",
			);
			runOnlyForDeploymentPostprocessing = 0;
			shellPath = /bin/sh;
			shellScript = "\"${SRCROOT}/Pods/Target Support Files/Pods-Twitter/Pods-Twitter-frameworks.sh\"\n";
			showEnvVarsInLog = 0;
		};
		EF1808463A0554CC79152677 /* [CP] Copy Pods Resources */ = {
			isa = PBXShellScriptBuildPhase;
			buildActionMask = 2147483647;
			files = (
			);
			inputPaths = (
			);
			name = "[CP] Copy Pods Resources";
			outputPaths = (
			);
			runOnlyForDeploymentPostprocessing = 0;
			shellPath = /bin/sh;
			shellScript = "\"${SRCROOT}/Pods/Target Support Files/Pods-Twitter/Pods-Twitter-resources.sh\"\n";
			showEnvVarsInLog = 0;
		};
/* End PBXShellScriptBuildPhase section */

/* Begin PBXSourcesBuildPhase section */
		2041723020437D16001972AB /* Sources */ = {
			isa = PBXSourcesBuildPhase;
			buildActionMask = 2147483647;
			files = (
				2070EC7C2044DC3B00560524 /* HomeDatasource.swift in Sources */,
				202B8D282049881A00F80E19 /* Tweet.swift in Sources */,
				2041723820437D16001972AB /* AppDelegate.swift in Sources */,
				8BF6355B2047C02B00F2CAB2 /* User.swift in Sources */,
				8BC3EF6920490C5000E05420 /* TweetCell.swift in Sources */,
				2070EC7A2044DC2400560524 /* UserHeaderFooter.swift in Sources */,
				2070EC752044D5A200560524 /* HomeDatasourceController.swift in Sources */,
				202CED94204847F400130305 /* HomeDatasourceController+navBar.swift in Sources */,
				20DC2E70205972FD001ECACE /* Service.swift in Sources */,
				2041724A20437F83001972AB /* HomeController.swift in Sources */,
				8BF6355D2047CCD600F2CAB2 /* UserCell.swift in Sources */,
			);
			runOnlyForDeploymentPostprocessing = 0;
		};
/* End PBXSourcesBuildPhase section */

/* Begin PBXVariantGroup section */
		2041724020437D16001972AB /* LaunchScreen.storyboard */ = {
			isa = PBXVariantGroup;
			children = (
				2041724120437D16001972AB /* Base */,
			);
			name = LaunchScreen.storyboard;
			sourceTree = "<group>";
		};
/* End PBXVariantGroup section */

/* Begin XCBuildConfiguration section */
		2041724420437D16001972AB /* Debug */ = {
			isa = XCBuildConfiguration;
			buildSettings = {
				ALWAYS_SEARCH_USER_PATHS = NO;
				CLANG_ANALYZER_NONNULL = YES;
				CLANG_ANALYZER_NUMBER_OBJECT_CONVERSION = YES_AGGRESSIVE;
				CLANG_CXX_LANGUAGE_STANDARD = "gnu++14";
				CLANG_CXX_LIBRARY = "libc++";
				CLANG_ENABLE_MODULES = YES;
				CLANG_ENABLE_OBJC_ARC = YES;
				CLANG_WARN_BLOCK_CAPTURE_AUTORELEASING = YES;
				CLANG_WARN_BOOL_CONVERSION = YES;
				CLANG_WARN_COMMA = YES;
				CLANG_WARN_CONSTANT_CONVERSION = YES;
				CLANG_WARN_DIRECT_OBJC_ISA_USAGE = YES_ERROR;
				CLANG_WARN_DOCUMENTATION_COMMENTS = YES;
				CLANG_WARN_EMPTY_BODY = YES;
				CLANG_WARN_ENUM_CONVERSION = YES;
				CLANG_WARN_INFINITE_RECURSION = YES;
				CLANG_WARN_INT_CONVERSION = YES;
				CLANG_WARN_NON_LITERAL_NULL_CONVERSION = YES;
				CLANG_WARN_OBJC_LITERAL_CONVERSION = YES;
				CLANG_WARN_OBJC_ROOT_CLASS = YES_ERROR;
				CLANG_WARN_RANGE_LOOP_ANALYSIS = YES;
				CLANG_WARN_STRICT_PROTOTYPES = YES;
				CLANG_WARN_SUSPICIOUS_MOVE = YES;
				CLANG_WARN_UNGUARDED_AVAILABILITY = YES_AGGRESSIVE;
				CLANG_WARN_UNREACHABLE_CODE = YES;
				CLANG_WARN__DUPLICATE_METHOD_MATCH = YES;
				CODE_SIGN_IDENTITY = "iPhone Developer";
				COPY_PHASE_STRIP = NO;
				DEBUG_INFORMATION_FORMAT = dwarf;
				ENABLE_STRICT_OBJC_MSGSEND = YES;
				ENABLE_TESTABILITY = YES;
				GCC_C_LANGUAGE_STANDARD = gnu11;
				GCC_DYNAMIC_NO_PIC = NO;
				GCC_NO_COMMON_BLOCKS = YES;
				GCC_OPTIMIZATION_LEVEL = 0;
				GCC_PREPROCESSOR_DEFINITIONS = (
					"DEBUG=1",
					"$(inherited)",
				);
				GCC_WARN_64_TO_32_BIT_CONVERSION = YES;
				GCC_WARN_ABOUT_RETURN_TYPE = YES_ERROR;
				GCC_WARN_UNDECLARED_SELECTOR = YES;
				GCC_WARN_UNINITIALIZED_AUTOS = YES_AGGRESSIVE;
				GCC_WARN_UNUSED_FUNCTION = YES;
				GCC_WARN_UNUSED_VARIABLE = YES;
				IPHONEOS_DEPLOYMENT_TARGET = 11.2;
				MTL_ENABLE_DEBUG_INFO = YES;
				ONLY_ACTIVE_ARCH = YES;
				SDKROOT = iphoneos;
				SWIFT_ACTIVE_COMPILATION_CONDITIONS = DEBUG;
				SWIFT_OPTIMIZATION_LEVEL = "-Onone";
			};
			name = Debug;
		};
		2041724520437D16001972AB /* Release */ = {
			isa = XCBuildConfiguration;
			buildSettings = {
				ALWAYS_SEARCH_USER_PATHS = NO;
				CLANG_ANALYZER_NONNULL = YES;
				CLANG_ANALYZER_NUMBER_OBJECT_CONVERSION = YES_AGGRESSIVE;
				CLANG_CXX_LANGUAGE_STANDARD = "gnu++14";
				CLANG_CXX_LIBRARY = "libc++";
				CLANG_ENABLE_MODULES = YES;
				CLANG_ENABLE_OBJC_ARC = YES;
				CLANG_WARN_BLOCK_CAPTURE_AUTORELEASING = YES;
				CLANG_WARN_BOOL_CONVERSION = YES;
				CLANG_WARN_COMMA = YES;
				CLANG_WARN_CONSTANT_CONVERSION = YES;
				CLANG_WARN_DIRECT_OBJC_ISA_USAGE = YES_ERROR;
				CLANG_WARN_DOCUMENTATION_COMMENTS = YES;
				CLANG_WARN_EMPTY_BODY = YES;
				CLANG_WARN_ENUM_CONVERSION = YES;
				CLANG_WARN_INFINITE_RECURSION = YES;
				CLANG_WARN_INT_CONVERSION = YES;
				CLANG_WARN_NON_LITERAL_NULL_CONVERSION = YES;
				CLANG_WARN_OBJC_LITERAL_CONVERSION = YES;
				CLANG_WARN_OBJC_ROOT_CLASS = YES_ERROR;
				CLANG_WARN_RANGE_LOOP_ANALYSIS = YES;
				CLANG_WARN_STRICT_PROTOTYPES = YES;
				CLANG_WARN_SUSPICIOUS_MOVE = YES;
				CLANG_WARN_UNGUARDED_AVAILABILITY = YES_AGGRESSIVE;
				CLANG_WARN_UNREACHABLE_CODE = YES;
				CLANG_WARN__DUPLICATE_METHOD_MATCH = YES;
				CODE_SIGN_IDENTITY = "iPhone Developer";
				COPY_PHASE_STRIP = NO;
				DEBUG_INFORMATION_FORMAT = "dwarf-with-dsym";
				ENABLE_NS_ASSERTIONS = NO;
				ENABLE_STRICT_OBJC_MSGSEND = YES;
				GCC_C_LANGUAGE_STANDARD = gnu11;
				GCC_NO_COMMON_BLOCKS = YES;
				GCC_WARN_64_TO_32_BIT_CONVERSION = YES;
				GCC_WARN_ABOUT_RETURN_TYPE = YES_ERROR;
				GCC_WARN_UNDECLARED_SELECTOR = YES;
				GCC_WARN_UNINITIALIZED_AUTOS = YES_AGGRESSIVE;
				GCC_WARN_UNUSED_FUNCTION = YES;
				GCC_WARN_UNUSED_VARIABLE = YES;
				IPHONEOS_DEPLOYMENT_TARGET = 11.2;
				MTL_ENABLE_DEBUG_INFO = NO;
				SDKROOT = iphoneos;
				SWIFT_OPTIMIZATION_LEVEL = "-Owholemodule";
				VALIDATE_PRODUCT = YES;
			};
			name = Release;
		};
		2041724720437D16001972AB /* Debug */ = {
			isa = XCBuildConfiguration;
			baseConfigurationReference = 357E16199A40D908A1C8A831 /* Pods-Twitter.debug.xcconfig */;
			buildSettings = {
				ASSETCATALOG_COMPILER_APPICON_NAME = AppIcon;
				CODE_SIGN_STYLE = Automatic;
				DEVELOPMENT_TEAM = "";
				INFOPLIST_FILE = Twitter/Info.plist;
				LD_RUNPATH_SEARCH_PATHS = "$(inherited) @executable_path/Frameworks";
				PRODUCT_BUNDLE_IDENTIFIER = emksh.com.Twitter;
				PRODUCT_NAME = "$(TARGET_NAME)";
				SWIFT_VERSION = 4.0;
				TARGETED_DEVICE_FAMILY = "1,2";
			};
			name = Debug;
		};
		2041724820437D16001972AB /* Release */ = {
			isa = XCBuildConfiguration;
			baseConfigurationReference = C1AC5D63C2DF9E211ABB53DF /* Pods-Twitter.release.xcconfig */;
			buildSettings = {
				ASSETCATALOG_COMPILER_APPICON_NAME = AppIcon;
				CODE_SIGN_STYLE = Automatic;
				DEVELOPMENT_TEAM = "";
				INFOPLIST_FILE = Twitter/Info.plist;
				LD_RUNPATH_SEARCH_PATHS = "$(inherited) @executable_path/Frameworks";
				PRODUCT_BUNDLE_IDENTIFIER = emksh.com.Twitter;
				PRODUCT_NAME = "$(TARGET_NAME)";
				SWIFT_VERSION = 4.0;
				TARGETED_DEVICE_FAMILY = "1,2";
			};
			name = Release;
		};
/* End XCBuildConfiguration section */

/* Begin XCConfigurationList section */
		2041722F20437D16001972AB /* Build configuration list for PBXProject "Twitter" */ = {
			isa = XCConfigurationList;
			buildConfigurations = (
				2041724420437D16001972AB /* Debug */,
				2041724520437D16001972AB /* Release */,
			);
			defaultConfigurationIsVisible = 0;
			defaultConfigurationName = Release;
		};
		2041724620437D16001972AB /* Build configuration list for PBXNativeTarget "Twitter" */ = {
			isa = XCConfigurationList;
			buildConfigurations = (
				2041724720437D16001972AB /* Debug */,
				2041724820437D16001972AB /* Release */,
			);
			defaultConfigurationIsVisible = 0;
			defaultConfigurationName = Release;
		};
/* End XCConfigurationList section */
	};
	rootObject = 2041722C20437D16001972AB /* Project object */;
}
